// !$*UTF8*$!
{
	archiveVersion = 1;
	classes = {
	};
	objectVersion = 77;
	objects = {

/* Begin PBXBuildFile section */
		1194314A2FC8F9C50054DC00 /* GoogleService-Info.plist in Resources */ = {isa = PBXBuildFile; fileRef = 119431492FC8F9C50054DC00 /* GoogleService-Info.plist */; };
		1194314D2FC8FAD20054DC00 /* FirebaseAuth in Frameworks */ = {isa = PBXBuildFile; productRef = 1194314C2FC8FAD20054DC00 /* FirebaseAuth */; };
		1194314F2FC8FAD20054DC00 /* FirebaseFirestore in Frameworks */ = {isa = PBXBuildFile; productRef = 1194314E2FC8FAD20054DC00 /* FirebaseFirestore */; };
		119431512FC8FAD20054DC00 /* FirebaseStorage in Frameworks */ = {isa = PBXBuildFile; productRef = 119431502FC8FAD20054DC00 /* FirebaseStorage */; };
		11C63E1E2FD236EC00876A0B /* Assets.xcassets in Resources */ = {isa = PBXBuildFile; fileRef = 11C63E1B2FD236EC00876A0B /* Assets.xcassets */; };
		11C63E1F2FD236EC00876A0B /* Date+Ext.swift in Sources */ = {isa = PBXBuildFile; fileRef = 11C63E072FD236EC00876A0B /* Date+Ext.swift */; };
		11C63E202FD236EC00876A0B /* OffsetKey.swift in Sources */ = {isa = PBXBuildFile; fileRef = 11C63E082FD236EC00876A0B /* OffsetKey.swift */; };
		11C63E212FD236EC00876A0B /* View+Ext.swift in Sources */ = {isa = PBXBuildFile; fileRef = 11C63E092FD236EC00876A0B /* View+Ext.swift */; };
		11C63E222FD236EC00876A0B /* Master.swift in Sources */ = {isa = PBXBuildFile; fileRef = 11C63E0B2FD236EC00876A0B /* Master.swift */; };
		11C63E232FD236EC00876A0B /* Profile.swift in Sources */ = {isa = PBXBuildFile; fileRef = 11C63E0C2FD236EC00876A0B /* Profile.swift */; };
		11C63E242FD236EC00876A0B /* TimeSlot.swift in Sources */ = {isa = PBXBuildFile; fileRef = 11C63E0D2FD236EC00876A0B /* TimeSlot.swift */; };
		11C63E252FD236EC00876A0B /* AuthService.swift in Sources */ = {isa = PBXBuildFile; fileRef = 11C63E0F2FD236EC00876A0B /* AuthService.swift */; };
		11C63E262FD236EC00876A0B /* FirestoreService.swift in Sources */ = {isa = PBXBuildFile; fileRef = 11C63E102FD236EC00876A0B /* FirestoreService.swift */; };
		11C63E272FD236EC00876A0B /* LeafButton.swift in Sources */ = {isa = PBXBuildFile; fileRef = 11C63E122FD236EC00876A0B /* LeafButton.swift */; };
		11C63E282FD236EC00876A0B /* LeafTextField.swift in Sources */ = {isa = PBXBuildFile; fileRef = 11C63E132FD236EC00876A0B /* LeafTextField.swift */; };
		11C63E292FD236EC00876A0B /* TimeSlotCell.swift in Sources */ = {isa = PBXBuildFile; fileRef = 11C63E142FD236EC00876A0B /* TimeSlotCell.swift */; };
		11C63E2A2FD236EC00876A0B /* AuthObserved.swift in Sources */ = {isa = PBXBuildFile; fileRef = 11C63E162FD236EC00876A0B /* AuthObserved.swift */; };
		11C63E2B2FD236EC00876A0B /* AuthView.swift in Sources */ = {isa = PBXBuildFile; fileRef = 11C63E172FD236EC00876A0B /* AuthView.swift */; };
		11C63E2C2FD236EC00876A0B /* HomeView.swift in Sources */ = {isa = PBXBuildFile; fileRef = 11C63E182FD236EC00876A0B /* HomeView.swift */; };
		11C63E2D2FD236EC00876A0B /* RouteView.swift in Sources */ = {isa = PBXBuildFile; fileRef = 11C63E192FD236EC00876A0B /* RouteView.swift */; };
		11C63E2E2FD236EC00876A0B /* BookMasterApp.swift in Sources */ = {isa = PBXBuildFile; fileRef = 11C63E1C2FD236EC00876A0B /* BookMasterApp.swift */; };
		11C63E302FD237A500876A0B /* HomeObserved.swift in Sources */ = {isa = PBXBuildFile; fileRef = 11C63E2F2FD237A500876A0B /* HomeObserved.swift */; };
/* End PBXBuildFile section */

/* Begin PBXFileReference section */
		116C6A222FBFADC9009B35FE /* BookMaster.app */ = {isa = PBXFileReference; explicitFileType = wrapper.application; includeInIndex = 0; path = BookMaster.app; sourceTree = BUILT_PRODUCTS_DIR; };
		119431492FC8F9C50054DC00 /* GoogleService-Info.plist */ = {isa = PBXFileReference; lastKnownFileType = text.plist.xml; path = "GoogleService-Info.plist"; sourceTree = "<group>"; };
		11C63E072FD236EC00876A0B /* Date+Ext.swift */ = {isa = PBXFileReference; lastKnownFileType = sourcecode.swift; path = "Date+Ext.swift"; sourceTree = "<group>"; };
		11C63E082FD236EC00876A0B /* OffsetKey.swift */ = {isa = PBXFileReference; lastKnownFileType = sourcecode.swift; path = OffsetKey.swift; sourceTree = "<group>"; };
		11C63E092FD236EC00876A0B /* View+Ext.swift */ = {isa = PBXFileReference; lastKnownFileType = sourcecode.swift; path = "View+Ext.swift"; sourceTree = "<group>"; };
		11C63E0B2FD236EC00876A0B /* Master.swift */ = {isa = PBXFileReference; lastKnownFileType = sourcecode.swift; path = Master.swift; sourceTree = "<group>"; };
		11C63E0C2FD236EC00876A0B /* Profile.swift */ = {isa = PBXFileReference; lastKnownFileType = sourcecode.swift; path = Profile.swift; sourceTree = "<group>"; };
		11C63E0D2FD236EC00876A0B /* TimeSlot.swift */ = {isa = PBXFileReference; lastKnownFileType = sourcecode.swift; path = TimeSlot.swift; sourceTree = "<group>"; };
		11C63E0F2FD236EC00876A0B /* AuthService.swift */ = {isa = PBXFileReference; lastKnownFileType = sourcecode.swift; path = AuthService.swift; sourceTree = "<group>"; };
		11C63E102FD236EC00876A0B /* FirestoreService.swift */ = {isa = PBXFileReference; lastKnownFileType = sourcecode.swift; path = FirestoreService.swift; sourceTree = "<group>"; };
		11C63E122FD236EC00876A0B /* LeafButton.swift */ = {isa = PBXFileReference; lastKnownFileType = sourcecode.swift; path = LeafButton.swift; sourceTree = "<group>"; };
		11C63E132FD236EC00876A0B /* LeafTextField.swift */ = {isa = PBXFileReference; lastKnownFileType = sourcecode.swift; path = LeafTextField.swift; sourceTree = "<group>"; };
		11C63E142FD236EC00876A0B /* TimeSlotCell.swift */ = {isa = PBXFileReference; lastKnownFileType = sourcecode.swift; path = TimeSlotCell.swift; sourceTree = "<group>"; };
		11C63E162FD236EC00876A0B /* AuthObserved.swift */ = {isa = PBXFileReference; lastKnownFileType = sourcecode.swift; path = AuthObserved.swift; sourceTree = "<group>"; };
		11C63E172FD236EC00876A0B /* AuthView.swift */ = {isa = PBXFileReference; lastKnownFileType = sourcecode.swift; path = AuthView.swift; sourceTree = "<group>"; };
		11C63E182FD236EC00876A0B /* HomeView.swift */ = {isa = PBXFileReference; lastKnownFileType = sourcecode.swift; path = HomeView.swift; sourceTree = "<group>"; };
		11C63E192FD236EC00876A0B /* RouteView.swift */ = {isa = PBXFileReference; lastKnownFileType = sourcecode.swift; path = RouteView.swift; sourceTree = "<group>"; };
		11C63E1B2FD236EC00876A0B /* Assets.xcassets */ = {isa = PBXFileReference; lastKnownFileType = folder.assetcatalog; path = Assets.xcassets; sourceTree = "<group>"; };
		11C63E1C2FD236EC00876A0B /* BookMasterApp.swift */ = {isa = PBXFileReference; lastKnownFileType = sourcecode.swift; path = BookMasterApp.swift; sourceTree = "<group>"; };
		11C63E2F2FD237A500876A0B /* HomeObserved.swift */ = {isa = PBXFileReference; lastKnownFileType = sourcecode.swift; path = HomeObserved.swift; sourceTree = "<group>"; };
/* End PBXFileReference section */

/* Begin PBXFrameworksBuildPhase section */
		116C6A1F2FBFADC9009B35FE /* Frameworks */ = {
			isa = PBXFrameworksBuildPhase;
			buildActionMask = 2147483647;
			files = (
				1194314D2FC8FAD20054DC00 /* FirebaseAuth in Frameworks */,
				1194314F2FC8FAD20054DC00 /* FirebaseFirestore in Frameworks */,
				119431512FC8FAD20054DC00 /* FirebaseStorage in Frameworks */,
			);
			runOnlyForDeploymentPostprocessing = 0;
		};
/* End PBXFrameworksBuildPhase section */

/* Begin PBXGroup section */
		116C6A192FBFADC9009B35FE = {
			isa = PBXGroup;
			children = (
				119431492FC8F9C50054DC00 /* GoogleService-Info.plist */,
				11C63E1D2FD236EC00876A0B /* BookMaster */,
				116C6A232FBFADC9009B35FE /* Products */,
			);
			sourceTree = "<group>";
		};
		116C6A232FBFADC9009B35FE /* Products */ = {
			isa = PBXGroup;
			children = (
				116C6A222FBFADC9009B35FE /* BookMaster.app */,
			);
			name = Products;
			sourceTree = "<group>";
		};
		11C63E0A2FD236EC00876A0B /* Helpers */ = {
			isa = PBXGroup;
			children = (
				11C63E072FD236EC00876A0B /* Date+Ext.swift */,
				11C63E082FD236EC00876A0B /* OffsetKey.swift */,
				11C63E092FD236EC00876A0B /* View+Ext.swift */,
			);
			path = Helpers;
			sourceTree = "<group>";
		};
		11C63E0E2FD236EC00876A0B /* Identifiable */ = {
			isa = PBXGroup;
			children = (
				11C63E0B2FD236EC00876A0B /* Master.swift */,
				11C63E0C2FD236EC00876A0B /* Profile.swift */,
				11C63E0D2FD236EC00876A0B /* TimeSlot.swift */,
			);
			path = Identifiable;
			sourceTree = "<group>";
		};
		11C63E112FD236EC00876A0B /* Services */ = {
			isa = PBXGroup;
			children = (
				11C63E0F2FD236EC00876A0B /* AuthService.swift */,
				11C63E102FD236EC00876A0B /* FirestoreService.swift */,
			);
			path = Services;
			sourceTree = "<group>";
		};
		11C63E152FD236EC00876A0B /* Components */ = {
			isa = PBXGroup;
			children = (
				11C63E122FD236EC00876A0B /* LeafButton.swift */,
				11C63E132FD236EC00876A0B /* LeafTextField.swift */,
				11C63E142FD236EC00876A0B /* TimeSlotCell.swift */,
			);
			path = Components;
			sourceTree = "<group>";
		};
		11C63E1A2FD236EC00876A0B /* View */ = {
			isa = PBXGroup;
			children = (
				11C63E152FD236EC00876A0B /* Components */,
				11C63E172FD236EC00876A0B /* AuthView.swift */,
				11C63E182FD236EC00876A0B /* HomeView.swift */,
				11C63E192FD236EC00876A0B /* RouteView.swift */,
			);
			path = View;
			sourceTree = "<group>";
		};
		11C63E1D2FD236EC00876A0B /* BookMaster */ = {
			isa = PBXGroup;
			children = (
				11C63E0E2FD236EC00876A0B /* Identifiable */,
				11C63E1A2FD236EC00876A0B /* View */,
				11C63E312FD237B500876A0B /* Observed */,
				11C63E0A2FD236EC00876A0B /* Helpers */,
				11C63E112FD236EC00876A0B /* Services */,
				11C63E1B2FD236EC00876A0B /* Assets.xcassets */,
				11C63E1C2FD236EC00876A0B /* BookMasterApp.swift */,
			);
			path = BookMaster;
			sourceTree = "<group>";
		};
		11C63E312FD237B500876A0B /* Observed */ = {
			isa = PBXGroup;
			children = (
				11C63E162FD236EC00876A0B /* AuthObserved.swift */,
				11C63E2F2FD237A500876A0B /* HomeObserved.swift */,
			);
			path = Observed;
			sourceTree = "<group>";
		};
/* End PBXGroup section */

/* Begin PBXNativeTarget section */
		116C6A212FBFADC9009B35FE /* BookMaster */ = {
			isa = PBXNativeTarget;
			buildConfigurationList = 116C6A2D2FBFADCA009B35FE /* Build configuration list for PBXNativeTarget "BookMaster" */;
			buildPhases = (
				116C6A1E2FBFADC9009B35FE /* Sources */,
				116C6A1F2FBFADC9009B35FE /* Frameworks */,
				116C6A202FBFADC9009B35FE /* Resources */,
			);
			buildRules = (
			);
			dependencies = (
			);
			name = BookMaster;
			packageProductDependencies = (
				1194314C2FC8FAD20054DC00 /* FirebaseAuth */,
				1194314E2FC8FAD20054DC00 /* FirebaseFirestore */,
				119431502FC8FAD20054DC00 /* FirebaseStorage */,
			);
			productName = BookMaster;
			productReference = 116C6A222FBFADC9009B35FE /* BookMaster.app */;
			productType = "com.apple.product-type.application";
		};
/* End PBXNativeTarget section */

/* Begin PBXProject section */
		116C6A1A2FBFADC9009B35FE /* Project object */ = {
			isa = PBXProject;
			attributes = {
				BuildIndependentTargetsInParallel = 1;
				LastSwiftUpdateCheck = 2630;
				LastUpgradeCheck = 2630;
				TargetAttributes = {
					116C6A212FBFADC9009B35FE = {
						CreatedOnToolsVersion = 26.3;
					};
				};
			};
			buildConfigurationList = 116C6A1D2FBFADC9009B35FE /* Build configuration list for PBXProject "BookMaster" */;
			developmentRegion = en;
			hasScannedForEncodings = 0;
			knownRegions = (
				en,
				Base,
			);
			mainGroup = 116C6A192FBFADC9009B35FE;
			minimizedProjectReferenceProxies = 1;
			packageReferences = (
				1194314B2FC8FAD20054DC00 /* XCRemoteSwiftPackageReference "firebase-ios-sdk" */,
			);
			preferredProjectObjectVersion = 77;
			productRefGroup = 116C6A232FBFADC9009B35FE /* Products */;
			projectDirPath = "";
			projectRoot = "";
			targets = (
				116C6A212FBFADC9009B35FE /* BookMaster */,
			);
		};
/* End PBXProject section */

/* Begin PBXResourcesBuildPhase section */
		116C6A202FBFADC9009B35FE /* Resources */ = {
			isa = PBXResourcesBuildPhase;
			buildActionMask = 2147483647;
			files = (
				11C63E1E2FD236EC00876A0B /* Assets.xcassets in Resources */,
				1194314A2FC8F9C50054DC00 /* GoogleService-Info.plist in Resources */,
			);
			runOnlyForDeploymentPostprocessing = 0;
		};
/* End PBXResourcesBuildPhase section */

/* Begin PBXSourcesBuildPhase section */
		116C6A1E2FBFADC9009B35FE /* Sources */ = {
			isa = PBXSourcesBuildPhase;
			buildActionMask = 2147483647;
			files = (
				11C63E1F2FD236EC00876A0B /* Date+Ext.swift in Sources */,
				11C63E202FD236EC00876A0B /* OffsetKey.swift in Sources */,
				11C63E212FD236EC00876A0B /* View+Ext.swift in Sources */,
				11C63E222FD236EC00876A0B /* Master.swift in Sources */,
				11C63E232FD236EC00876A0B /* Profile.swift in Sources */,
				11C63E242FD236EC00876A0B /* TimeSlot.swift in Sources */,
				11C63E252FD236EC00876A0B /* AuthService.swift in Sources */,
				11C63E262FD236EC00876A0B /* FirestoreService.swift in Sources */,
				11C63E272FD236EC00876A0B /* LeafButton.swift in Sources */,
				11C63E302FD237A500876A0B /* HomeObserved.swift in Sources */,
				11C63E282FD236EC00876A0B /* LeafTextField.swift in Sources */,
				11C63E292FD236EC00876A0B /* TimeSlotCell.swift in Sources */,
				11C63E2A2FD236EC00876A0B /* AuthObserved.swift in Sources */,
				11C63E2B2FD236EC00876A0B /* AuthView.swift in Sources */,
				11C63E2C2FD236EC00876A0B /* HomeView.swift in Sources */,
				11C63E2D2FD236EC00876A0B /* RouteView.swift in Sources */,
				11C63E2E2FD236EC00876A0B /* BookMasterApp.swift in Sources */,
			);
			runOnlyForDeploymentPostprocessing = 0;
		};
/* End PBXSourcesBuildPhase section */

/* Begin XCBuildConfiguration section */
		116C6A2B2FBFADCA009B35FE /* Debug */ = {
			isa = XCBuildConfiguration;
			buildSettings = {
				ALWAYS_SEARCH_USER_PATHS = NO;
				ASSETCATALOG_COMPILER_GENERATE_SWIFT_ASSET_SYMBOL_EXTENSIONS = YES;
				CLANG_ANALYZER_NONNULL = YES;
				CLANG_ANALYZER_NUMBER_OBJECT_CONVERSION = YES_AGGRESSIVE;
				CLANG_CXX_LANGUAGE_STANDARD = "gnu++20";
				CLANG_ENABLE_MODULES = YES;
				CLANG_ENABLE_OBJC_ARC = YES;
				CLANG_ENABLE_OBJC_WEAK = YES;
				CLANG_WARN_BLOCK_CAPTURE_AUTORELEASING = YES;
				CLANG_WARN_BOOL_CONVERSION = YES;
				CLANG_WARN_COMMA = YES;
				CLANG_WARN_CONSTANT_CONVERSION = YES;
				CLANG_WARN_DEPRECATED_OBJC_IMPLEMENTATIONS = YES;
				CLANG_WARN_DIRECT_OBJC_ISA_USAGE = YES_ERROR;
				CLANG_WARN_DOCUMENTATION_COMMENTS = YES;
				CLANG_WARN_EMPTY_BODY = YES;
				CLANG_WARN_ENUM_CONVERSION = YES;
				CLANG_WARN_INFINITE_RECURSION = YES;
				CLANG_WARN_INT_CONVERSION = YES;
				CLANG_WARN_NON_LITERAL_NULL_CONVERSION = YES;
				CLANG_WARN_OBJC_IMPLICIT_RETAIN_SELF = YES;
				CLANG_WARN_OBJC_LITERAL_CONVERSION = YES;
				CLANG_WARN_OBJC_ROOT_CLASS = YES_ERROR;
				CLANG_WARN_QUOTED_INCLUDE_IN_FRAMEWORK_HEADER = YES;
				CLANG_WARN_RANGE_LOOP_ANALYSIS = YES;
				CLANG_WARN_STRICT_PROTOTYPES = YES;
				CLANG_WARN_SUSPICIOUS_MOVE = YES;
				CLANG_WARN_UNGUARDED_AVAILABILITY = YES_AGGRESSIVE;
				CLANG_WARN_UNREACHABLE_CODE = YES;
				CLANG_WARN__DUPLICATE_METHOD_MATCH = YES;
				COPY_PHASE_STRIP = NO;
				DEBUG_INFORMATION_FORMAT = dwarf;
				DEVELOPMENT_TEAM = C9N96Z3CY9;
				ENABLE_STRICT_OBJC_MSGSEND = YES;
				ENABLE_TESTABILITY = YES;
				ENABLE_USER_SCRIPT_SANDBOXING = YES;
				GCC_C_LANGUAGE_STANDARD = gnu17;
				GCC_DYNAMIC_NO_PIC = NO;
				GCC_NO_COMMON_BLOCKS = YES;
				GCC_OPTIMIZATION_LEVEL = 0;
				GCC_PREPROCESSOR_DEFINITIONS = (
					"DEBUG=1",
					"$(inherited)",
				);
				GCC_WARN_64_TO_32_BIT_CONVERSION = YES;
				GCC_WARN_ABOUT_RETURN_TYPE = YES_ERROR;
				GCC_WARN_UNDECLARED_SELECTOR = YES;
				GCC_WARN_UNINITIALIZED_AUTOS = YES_AGGRESSIVE;
				GCC_WARN_UNUSED_FUNCTION = YES;
				GCC_WARN_UNUSED_VARIABLE = YES;
				IPHONEOS_DEPLOYMENT_TARGET = 26.2;
				LOCALIZATION_PREFERS_STRING_CATALOGS = YES;
				MTL_ENABLE_DEBUG_INFO = INCLUDE_SOURCE;
				MTL_FAST_MATH = YES;
				ONLY_ACTIVE_ARCH = YES;
				SDKROOT = iphoneos;
				SWIFT_ACTIVE_COMPILATION_CONDITIONS = "DEBUG $(inherited)";
				SWIFT_OPTIMIZATION_LEVEL = "-Onone";
			};
			name = Debug;
		};
		116C6A2C2FBFADCA009B35FE /* Release */ = {
			isa = XCBuildConfiguration;
			buildSettings = {
				ALWAYS_SEARCH_USER_PATHS = NO;
				ASSETCATALOG_COMPILER_GENERATE_SWIFT_ASSET_SYMBOL_EXTENSIONS = YES;
				CLANG_ANALYZER_NONNULL = YES;
				CLANG_ANALYZER_NUMBER_OBJECT_CONVERSION = YES_AGGRESSIVE;
				CLANG_CXX_LANGUAGE_STANDARD = "gnu++20";
				CLANG_ENABLE_MODULES = YES;
				CLANG_ENABLE_OBJC_ARC = YES;
				CLANG_ENABLE_OBJC_WEAK = YES;
				CLANG_WARN_BLOCK_CAPTURE_AUTORELEASING = YES;
				CLANG_WARN_BOOL_CONVERSION = YES;
				CLANG_WARN_COMMA = YES;
				CLANG_WARN_CONSTANT_CONVERSION = YES;
				CLANG_WARN_DEPRECATED_OBJC_IMPLEMENTATIONS = YES;
				CLANG_WARN_DIRECT_OBJC_ISA_USAGE = YES_ERROR;
				CLANG_WARN_DOCUMENTATION_COMMENTS = YES;
				CLANG_WARN_EMPTY_BODY = YES;
				CLANG_WARN_ENUM_CONVERSION = YES;
				CLANG_WARN_INFINITE_RECURSION = YES;
				CLANG_WARN_INT_CONVERSION = YES;
				CLANG_WARN_NON_LITERAL_NULL_CONVERSION = YES;
				CLANG_WARN_OBJC_IMPLICIT_RETAIN_SELF = YES;
				CLANG_WARN_OBJC_LITERAL_CONVERSION = YES;
				CLANG_WARN_OBJC_ROOT_CLASS = YES_ERROR;
				CLANG_WARN_QUOTED_INCLUDE_IN_FRAMEWORK_HEADER = YES;
				CLANG_WARN_RANGE_LOOP_ANALYSIS = YES;
				CLANG_WARN_STRICT_PROTOTYPES = YES;
				CLANG_WARN_SUSPICIOUS_MOVE = YES;
				CLANG_WARN_UNGUARDED_AVAILABILITY = YES_AGGRESSIVE;
				CLANG_WARN_UNREACHABLE_CODE = YES;
				CLANG_WARN__DUPLICATE_METHOD_MATCH = YES;
				COPY_PHASE_STRIP = NO;
				DEBUG_INFORMATION_FORMAT = "dwarf-with-dsym";
				DEVELOPMENT_TEAM = C9N96Z3CY9;
				ENABLE_NS_ASSERTIONS = NO;
				ENABLE_STRICT_OBJC_MSGSEND = YES;
				ENABLE_USER_SCRIPT_SANDBOXING = YES;
				GCC_C_LANGUAGE_STANDARD = gnu17;
				GCC_NO_COMMON_BLOCKS = YES;
				GCC_WARN_64_TO_32_BIT_CONVERSION = YES;
				GCC_WARN_ABOUT_RETURN_TYPE = YES_ERROR;
				GCC_WARN_UNDECLARED_SELECTOR = YES;
				GCC_WARN_UNINITIALIZED_AUTOS = YES_AGGRESSIVE;
				GCC_WARN_UNUSED_FUNCTION = YES;
				GCC_WARN_UNUSED_VARIABLE = YES;
				IPHONEOS_DEPLOYMENT_TARGET = 26.2;
				LOCALIZATION_PREFERS_STRING_CATALOGS = YES;
				MTL_ENABLE_DEBUG_INFO = NO;
				MTL_FAST_MATH = YES;
				SDKROOT = iphoneos;
				SWIFT_COMPILATION_MODE = wholemodule;
				VALIDATE_PRODUCT = YES;
			};
			name = Release;
		};
		116C6A2E2FBFADCA009B35FE /* Debug */ = {
			isa = XCBuildConfiguration;
			buildSettings = {
				ASSETCATALOG_COMPILER_APPICON_NAME = AppIcon;
				ASSETCATALOG_COMPILER_GLOBAL_ACCENT_COLOR_NAME = AccentColor;
				CODE_SIGN_STYLE = Automatic;
				CURRENT_PROJECT_VERSION = 1;
				DEVELOPMENT_TEAM = C9N96Z3CY9;
				ENABLE_PREVIEWS = YES;
				GENERATE_INFOPLIST_FILE = YES;
				INFOPLIST_KEY_UIApplicationSceneManifest_Generation = YES;
				INFOPLIST_KEY_UIApplicationSupportsIndirectInputEvents = YES;
				INFOPLIST_KEY_UILaunchScreen_Generation = YES;
				INFOPLIST_KEY_UISupportedInterfaceOrientations_iPad = "UIInterfaceOrientationPortrait UIInterfaceOrientationPortraitUpsideDown UIInterfaceOrientationLandscapeLeft UIInterfaceOrientationLandscapeRight";
				INFOPLIST_KEY_UISupportedInterfaceOrientations_iPhone = "UIInterfaceOrientationPortrait UIInterfaceOrientationLandscapeLeft UIInterfaceOrientationLandscapeRight";
				LD_RUNPATH_SEARCH_PATHS = (
					"$(inherited)",
					"@executable_path/Frameworks",
				);
				MARKETING_VERSION = 1.0;
				PRODUCT_BUNDLE_IDENTIFIER = MykFarisey.BookMaster;
				PRODUCT_NAME = "$(TARGET_NAME)";
				STRING_CATALOG_GENERATE_SYMBOLS = YES;
				SWIFT_APPROACHABLE_CONCURRENCY = YES;
				SWIFT_DEFAULT_ACTOR_ISOLATION = MainActor;
				SWIFT_EMIT_LOC_STRINGS = YES;
				SWIFT_UPCOMING_FEATURE_MEMBER_IMPORT_VISIBILITY = YES;
				SWIFT_VERSION = 5.0;
				TARGETED_DEVICE_FAMILY = "1,2";
			};
			name = Debug;
		};
		116C6A2F2FBFADCA009B35FE /* Release */ = {
			isa = XCBuildConfiguration;
			buildSettings = {
				ASSETCATALOG_COMPILER_APPICON_NAME = AppIcon;
				ASSETCATALOG_COMPILER_GLOBAL_ACCENT_COLOR_NAME = AccentColor;
				CODE_SIGN_STYLE = Automatic;
				CURRENT_PROJECT_VERSION = 1;
				DEVELOPMENT_TEAM = C9N96Z3CY9;
				ENABLE_PREVIEWS = YES;
				GENERATE_INFOPLIST_FILE = YES;
				INFOPLIST_KEY_UIApplicationSceneManifest_Generation = YES;
				INFOPLIST_KEY_UIApplicationSupportsIndirectInputEvents = YES;
				INFOPLIST_KEY_UILaunchScreen_Generation = YES;
				INFOPLIST_KEY_UISupportedInterfaceOrientations_iPad = "UIInterfaceOrientationPortrait UIInterfaceOrientationPortraitUpsideDown UIInterfaceOrientationLandscapeLeft UIInterfaceOrientationLandscapeRight";
				INFOPLIST_KEY_UISupportedInterfaceOrientations_iPhone = "UIInterfaceOrientationPortrait UIInterfaceOrientationLandscapeLeft UIInterfaceOrientationLandscapeRight";
				LD_RUNPATH_SEARCH_PATHS = (
					"$(inherited)",
					"@executable_path/Frameworks",
				);
				MARKETING_VERSION = 1.0;
				PRODUCT_BUNDLE_IDENTIFIER = MykFarisey.BookMaster;
				PRODUCT_NAME = "$(TARGET_NAME)";
				STRING_CATALOG_GENERATE_SYMBOLS = YES;
				SWIFT_APPROACHABLE_CONCURRENCY = YES;
				SWIFT_DEFAULT_ACTOR_ISOLATION = MainActor;
				SWIFT_EMIT_LOC_STRINGS = YES;
				SWIFT_UPCOMING_FEATURE_MEMBER_IMPORT_VISIBILITY = YES;
				SWIFT_VERSION = 5.0;
				TARGETED_DEVICE_FAMILY = "1,2";
			};
			name = Release;
		};
/* End XCBuildConfiguration section */

/* Begin XCConfigurationList section */
		116C6A1D2FBFADC9009B35FE /* Build configuration list for PBXProject "BookMaster" */ = {
			isa = XCConfigurationList;
			buildConfigurations = (
				116C6A2B2FBFADCA009B35FE /* Debug */,
				116C6A2C2FBFADCA009B35FE /* Release */,
			);
			defaultConfigurationIsVisible = 0;
			defaultConfigurationName = Release;
		};
		116C6A2D2FBFADCA009B35FE /* Build configuration list for PBXNativeTarget "BookMaster" */ = {
			isa = XCConfigurationList;
			buildConfigurations = (
				116C6A2E2FBFADCA009B35FE /* Debug */,
				116C6A2F2FBFADCA009B35FE /* Release */,
			);
			defaultConfigurationIsVisible = 0;
			defaultConfigurationName = Release;
		};
/* End XCConfigurationList section */

/* Begin XCRemoteSwiftPackageReference section */
		1194314B2FC8FAD20054DC00 /* XCRemoteSwiftPackageReference "firebase-ios-sdk" */ = {
			isa = XCRemoteSwiftPackageReference;
			repositoryURL = "https://github.com/firebase/firebase-ios-sdk";
			requirement = {
				kind = upToNextMajorVersion;
				minimumVersion = 12.14.0;
			};
		};
/* End XCRemoteSwiftPackageReference section */

/* Begin XCSwiftPackageProductDependency section */
		1194314C2FC8FAD20054DC00 /* FirebaseAuth */ = {
			isa = XCSwiftPackageProductDependency;
			package = 1194314B2FC8FAD20054DC00 /* XCRemoteSwiftPackageReference "firebase-ios-sdk" */;
			productName = FirebaseAuth;
		};
		1194314E2FC8FAD20054DC00 /* FirebaseFirestore */ = {
			isa = XCSwiftPackageProductDependency;
			package = 1194314B2FC8FAD20054DC00 /* XCRemoteSwiftPackageReference "firebase-ios-sdk" */;
			productName = FirebaseFirestore;
		};
		119431502FC8FAD20054DC00 /* FirebaseStorage */ = {
			isa = XCSwiftPackageProductDependency;
			package = 1194314B2FC8FAD20054DC00 /* XCRemoteSwiftPackageReference "firebase-ios-sdk" */;
			productName = FirebaseStorage;
		};
/* End XCSwiftPackageProductDependency section */
	};
	rootObject = 116C6A1A2FBFADC9009B35FE /* Project object */;
}
